// !$*UTF8*$!
{
	archiveVersion = 1;
	classes = {
	};
	objectVersion = 56;
	objects = {

/* Begin PBXBuildFile section */
		14635B404835784FAD7FB7FD /* Pods_BuildTinderApp.framework in Frameworks */ = {isa = PBXBuildFile; fileRef = FE464903C5EE2FC20231C37E /* Pods_BuildTinderApp.framework */; };
		5269E1445C1DE74F2D5EA52A /* Pods_BuildTinderApp_BuildTinderAppUITests.framework in Frameworks */ = {isa = PBXBuildFile; fileRef = 6ABDA541F8BBD97B7409930D /* Pods_BuildTinderApp_BuildTinderAppUITests.framework */; };
		DA94811CCE14F4347875CA8D /* Pods_BuildTinderAppTests.framework in Frameworks */ = {isa = PBXBuildFile; fileRef = C700B6E8CB8A54C3806DE075 /* Pods_BuildTinderAppTests.framework */; };
		FD009FF02A689D94008F234E /* Extension.swift in Sources */ = {isa = PBXBuildFile; fileRef = FD009FEF2A689D94008F234E /* Extension.swift */; };
		FD009FF22A699121008F234E /* ProfileSwipePromo1.swift in Sources */ = {isa = PBXBuildFile; fileRef = FD009FF12A699121008F234E /* ProfileSwipePromo1.swift */; };
		FD32E1E72A6791B200F85FCE /* BuildTinderAppApp.swift in Sources */ = {isa = PBXBuildFile; fileRef = FD32E1E62A6791B200F85FCE /* BuildTinderAppApp.swift */; };
		FD32E1E92A6791B200F85FCE /* ContentView.swift in Sources */ = {isa = PBXBuildFile; fileRef = FD32E1E82A6791B200F85FCE /* ContentView.swift */; };
		FD32E1EB2A6791B500F85FCE /* Assets.xcassets in Resources */ = {isa = PBXBuildFile; fileRef = FD32E1EA2A6791B500F85FCE /* Assets.xcassets */; };
		FD32E1EE2A6791B500F85FCE /* Preview Assets.xcassets in Resources */ = {isa = PBXBuildFile; fileRef = FD32E1ED2A6791B500F85FCE /* Preview Assets.xcassets */; };
		FD32E1F82A6791B500F85FCE /* BuildTinderAppTests.swift in Sources */ = {isa = PBXBuildFile; fileRef = FD32E1F72A6791B500F85FCE /* BuildTinderAppTests.swift */; };
		FD32E2022A6791B500F85FCE /* BuildTinderAppUITests.swift in Sources */ = {isa = PBXBuildFile; fileRef = FD32E2012A6791B500F85FCE /* BuildTinderAppUITests.swift */; };
		FD32E2042A6791B500F85FCE /* BuildTinderAppUITestsLaunchTests.swift in Sources */ = {isa = PBXBuildFile; fileRef = FD32E2032A6791B500F85FCE /* BuildTinderAppUITestsLaunchTests.swift */; };
		FD32E2142A6795BC00F85FCE /* MainView.swift in Sources */ = {isa = PBXBuildFile; fileRef = FD32E2132A6795BC00F85FCE /* MainView.swift */; };
		FD32E2162A67AF5900F85FCE /* TabBarButtonView.swift in Sources */ = {isa = PBXBuildFile; fileRef = FD32E2152A67AF5900F85FCE /* TabBarButtonView.swift */; };
		FD32E21C2A684E4800F85FCE /* AppStateMananger.swift in Sources */ = {isa = PBXBuildFile; fileRef = FD32E21B2A684E4800F85FCE /* AppStateMananger.swift */; };
		FD32E21F2A68544500F85FCE /* CustomEnums.swift in Sources */ = {isa = PBXBuildFile; fileRef = FD32E21E2A68544500F85FCE /* CustomEnums.swift */; };
		FD32E2212A685AD400F85FCE /* MainViewDemo.swift in Sources */ = {isa = PBXBuildFile; fileRef = FD32E2202A685AD400F85FCE /* MainViewDemo.swift */; };
		FD32E2232A686B5C00F85FCE /* MainViewDemo3.swift in Sources */ = {isa = PBXBuildFile; fileRef = FD32E2222A686B5C00F85FCE /* MainViewDemo3.swift */; };
		FD32E2252A6871C000F85FCE /* ProfileView.swift in Sources */ = {isa = PBXBuildFile; fileRef = FD32E2242A6871C000F85FCE /* ProfileView.swift */; };
		FD32E2282A68765D00F85FCE /* RoundedImage.swift in Sources */ = {isa = PBXBuildFile; fileRef = FD32E2272A68765D00F85FCE /* RoundedImage.swift */; };
		FD9E86A12A69B4E900F8656E /* ProfileSwipePromo.swift in Sources */ = {isa = PBXBuildFile; fileRef = FD9E86A02A69B4E900F8656E /* ProfileSwipePromo.swift */; };
		FD9E86A32A69D40F00F8656E /* MessageModel.swift in Sources */ = {isa = PBXBuildFile; fileRef = FD9E86A22A69D40F00F8656E /* MessageModel.swift */; };
		FD9E86A52A69D5FF00F8656E /* UserModel.swift in Sources */ = {isa = PBXBuildFile; fileRef = FD9E86A42A69D5FF00F8656E /* UserModel.swift */; };
		FD9E86A72A6AD52200F8656E /* MessageView.swift in Sources */ = {isa = PBXBuildFile; fileRef = FD9E86A62A6AD52200F8656E /* MessageView.swift */; };
/* End PBXBuildFile section */

/* Begin PBXContainerItemProxy section */
		FD32E1F42A6791B500F85FCE /* PBXContainerItemProxy */ = {
			isa = PBXContainerItemProxy;
			containerPortal = FD32E1DB2A6791B200F85FCE /* Project object */;
			proxyType = 1;
			remoteGlobalIDString = FD32E1E22A6791B200F85FCE;
			remoteInfo = BuildTinderApp;
		};
		FD32E1FE2A6791B500F85FCE /* PBXContainerItemProxy */ = {
			isa = PBXContainerItemProxy;
			containerPortal = FD32E1DB2A6791B200F85FCE /* Project object */;
			proxyType = 1;
			remoteGlobalIDString = FD32E1E22A6791B200F85FCE;
			remoteInfo = BuildTinderApp;
		};
/* End PBXContainerItemProxy section */

/* Begin PBXFileReference section */
		5F196B898F02A3A739D6F52F /* Pods-BuildTinderApp-BuildTinderAppUITests.release.xcconfig */ = {isa = PBXFileReference; includeInIndex = 1; lastKnownFileType = text.xcconfig; name = "Pods-BuildTinderApp-BuildTinderAppUITests.release.xcconfig"; path = "Target Support Files/Pods-BuildTinderApp-BuildTinderAppUITests/Pods-BuildTinderApp-BuildTinderAppUITests.release.xcconfig"; sourceTree = "<group>"; };
		6ABDA541F8BBD97B7409930D /* Pods_BuildTinderApp_BuildTinderAppUITests.framework */ = {isa = PBXFileReference; explicitFileType = wrapper.framework; includeInIndex = 0; path = Pods_BuildTinderApp_BuildTinderAppUITests.framework; sourceTree = BUILT_PRODUCTS_DIR; };
		6DC9E16F1051A678F1AA1091 /* Pods-BuildTinderAppTests.debug.xcconfig */ = {isa = PBXFileReference; includeInIndex = 1; lastKnownFileType = text.xcconfig; name = "Pods-BuildTinderAppTests.debug.xcconfig"; path = "Target Support Files/Pods-BuildTinderAppTests/Pods-BuildTinderAppTests.debug.xcconfig"; sourceTree = "<group>"; };
		6E889E15436E06875C00D6AD /* Pods-BuildTinderApp-BuildTinderAppUITests.debug.xcconfig */ = {isa = PBXFileReference; includeInIndex = 1; lastKnownFileType = text.xcconfig; name = "Pods-BuildTinderApp-BuildTinderAppUITests.debug.xcconfig"; path = "Target Support Files/Pods-BuildTinderApp-BuildTinderAppUITests/Pods-BuildTinderApp-BuildTinderAppUITests.debug.xcconfig"; sourceTree = "<group>"; };
		89905BA5D8F7ED3C22E2CA7F /* Pods-BuildTinderApp.release.xcconfig */ = {isa = PBXFileReference; includeInIndex = 1; lastKnownFileType = text.xcconfig; name = "Pods-BuildTinderApp.release.xcconfig"; path = "Target Support Files/Pods-BuildTinderApp/Pods-BuildTinderApp.release.xcconfig"; sourceTree = "<group>"; };
		A1E034D1BFCD3B4BB36A45A3 /* Pods-BuildTinderApp.debug.xcconfig */ = {isa = PBXFileReference; includeInIndex = 1; lastKnownFileType = text.xcconfig; name = "Pods-BuildTinderApp.debug.xcconfig"; path = "Target Support Files/Pods-BuildTinderApp/Pods-BuildTinderApp.debug.xcconfig"; sourceTree = "<group>"; };
		C700B6E8CB8A54C3806DE075 /* Pods_BuildTinderAppTests.framework */ = {isa = PBXFileReference; explicitFileType = wrapper.framework; includeInIndex = 0; path = Pods_BuildTinderAppTests.framework; sourceTree = BUILT_PRODUCTS_DIR; };
		F0C7EC3C93A94BA26E4D4905 /* Pods-BuildTinderAppTests.release.xcconfig */ = {isa = PBXFileReference; includeInIndex = 1; lastKnownFileType = text.xcconfig; name = "Pods-BuildTinderAppTests.release.xcconfig"; path = "Target Support Files/Pods-BuildTinderAppTests/Pods-BuildTinderAppTests.release.xcconfig"; sourceTree = "<group>"; };
		FD009FEF2A689D94008F234E /* Extension.swift */ = {isa = PBXFileReference; lastKnownFileType = sourcecode.swift; path = Extension.swift; sourceTree = "<group>"; };
		FD009FF12A699121008F234E /* ProfileSwipePromo1.swift */ = {isa = PBXFileReference; lastKnownFileType = sourcecode.swift; path = ProfileSwipePromo1.swift; sourceTree = "<group>"; };
		FD32E1E32A6791B200F85FCE /* BuildTinderApp.app */ = {isa = PBXFileReference; explicitFileType = wrapper.application; includeInIndex = 0; path = BuildTinderApp.app; sourceTree = BUILT_PRODUCTS_DIR; };
		FD32E1E62A6791B200F85FCE /* BuildTinderAppApp.swift */ = {isa = PBXFileReference; lastKnownFileType = sourcecode.swift; path = BuildTinderAppApp.swift; sourceTree = "<group>"; };
		FD32E1E82A6791B200F85FCE /* ContentView.swift */ = {isa = PBXFileReference; lastKnownFileType = sourcecode.swift; path = ContentView.swift; sourceTree = "<group>"; };
		FD32E1EA2A6791B500F85FCE /* Assets.xcassets */ = {isa = PBXFileReference; lastKnownFileType = folder.assetcatalog; path = Assets.xcassets; sourceTree = "<group>"; };
		FD32E1ED2A6791B500F85FCE /* Preview Assets.xcassets */ = {isa = PBXFileReference; lastKnownFileType = folder.assetcatalog; path = "Preview Assets.xcassets"; sourceTree = "<group>"; };
		FD32E1F32A6791B500F85FCE /* BuildTinderAppTests.xctest */ = {isa = PBXFileReference; explicitFileType = wrapper.cfbundle; includeInIndex = 0; path = BuildTinderAppTests.xctest; sourceTree = BUILT_PRODUCTS_DIR; };
		FD32E1F72A6791B500F85FCE /* BuildTinderAppTests.swift */ = {isa = PBXFileReference; lastKnownFileType = sourcecode.swift; path = BuildTinderAppTests.swift; sourceTree = "<group>"; };
		FD32E1FD2A6791B500F85FCE /* BuildTinderAppUITests.xctest */ = {isa = PBXFileReference; explicitFileType = wrapper.cfbundle; includeInIndex = 0; path = BuildTinderAppUITests.xctest; sourceTree = BUILT_PRODUCTS_DIR; };
		FD32E2012A6791B500F85FCE /* BuildTinderAppUITests.swift */ = {isa = PBXFileReference; lastKnownFileType = sourcecode.swift; path = BuildTinderAppUITests.swift; sourceTree = "<group>"; };
		FD32E2032A6791B500F85FCE /* BuildTinderAppUITestsLaunchTests.swift */ = {isa = PBXFileReference; lastKnownFileType = sourcecode.swift; path = BuildTinderAppUITestsLaunchTests.swift; sourceTree = "<group>"; };
		FD32E2132A6795BC00F85FCE /* MainView.swift */ = {isa = PBXFileReference; lastKnownFileType = sourcecode.swift; path = MainView.swift; sourceTree = "<group>"; };
		FD32E2152A67AF5900F85FCE /* TabBarButtonView.swift */ = {isa = PBXFileReference; lastKnownFileType = sourcecode.swift; path = TabBarButtonView.swift; sourceTree = "<group>"; };
		FD32E21B2A684E4800F85FCE /* AppStateMananger.swift */ = {isa = PBXFileReference; lastKnownFileType = sourcecode.swift; path = AppStateMananger.swift; sourceTree = "<group>"; };
		FD32E21E2A68544500F85FCE /* CustomEnums.swift */ = {isa = PBXFileReference; lastKnownFileType = sourcecode.swift; path = CustomEnums.swift; sourceTree = "<group>"; };
		FD32E2202A685AD400F85FCE /* MainViewDemo.swift */ = {isa = PBXFileReference; lastKnownFileType = sourcecode.swift; path = MainViewDemo.swift; sourceTree = "<group>"; };
		FD32E2222A686B5C00F85FCE /* MainViewDemo3.swift */ = {isa = PBXFileReference; lastKnownFileType = sourcecode.swift; path = MainViewDemo3.swift; sourceTree = "<group>"; };
		FD32E2242A6871C000F85FCE /* ProfileView.swift */ = {isa = PBXFileReference; lastKnownFileType = sourcecode.swift; path = ProfileView.swift; sourceTree = "<group>"; };
		FD32E2272A68765D00F85FCE /* RoundedImage.swift */ = {isa = PBXFileReference; lastKnownFileType = sourcecode.swift; path = RoundedImage.swift; sourceTree = "<group>"; };
		FD9E86A02A69B4E900F8656E /* ProfileSwipePromo.swift */ = {isa = PBXFileReference; lastKnownFileType = sourcecode.swift; path = ProfileSwipePromo.swift; sourceTree = "<group>"; };
		FD9E86A22A69D40F00F8656E /* MessageModel.swift */ = {isa = PBXFileReference; lastKnownFileType = sourcecode.swift; path = MessageModel.swift; sourceTree = "<group>"; };
		FD9E86A42A69D5FF00F8656E /* UserModel.swift */ = {isa = PBXFileReference; lastKnownFileType = sourcecode.swift; path = UserModel.swift; sourceTree = "<group>"; };
		FD9E86A62A6AD52200F8656E /* MessageView.swift */ = {isa = PBXFileReference; lastKnownFileType = sourcecode.swift; path = MessageView.swift; sourceTree = "<group>"; };
		FE464903C5EE2FC20231C37E /* Pods_BuildTinderApp.framework */ = {isa = PBXFileReference; explicitFileType = wrapper.framework; includeInIndex = 0; path = Pods_BuildTinderApp.framework; sourceTree = BUILT_PRODUCTS_DIR; };
/* End PBXFileReference section */

/* Begin PBXFrameworksBuildPhase section */
		FD32E1E02A6791B200F85FCE /* Frameworks */ = {
			isa = PBXFrameworksBuildPhase;
			buildActionMask = 2147483647;
			files = (
				14635B404835784FAD7FB7FD /* Pods_BuildTinderApp.framework in Frameworks */,
			);
			runOnlyForDeploymentPostprocessing = 0;
		};
		FD32E1F02A6791B500F85FCE /* Frameworks */ = {
			isa = PBXFrameworksBuildPhase;
			buildActionMask = 2147483647;
			files = (
				DA94811CCE14F4347875CA8D /* Pods_BuildTinderAppTests.framework in Frameworks */,
			);
			runOnlyForDeploymentPostprocessing = 0;
		};
		FD32E1FA2A6791B500F85FCE /* Frameworks */ = {
			isa = PBXFrameworksBuildPhase;
			buildActionMask = 2147483647;
			files = (
				5269E1445C1DE74F2D5EA52A /* Pods_BuildTinderApp_BuildTinderAppUITests.framework in Frameworks */,
			);
			runOnlyForDeploymentPostprocessing = 0;
		};
/* End PBXFrameworksBuildPhase section */

/* Begin PBXGroup section */
		2444240F6392906ED7276A27 /* Frameworks */ = {
			isa = PBXGroup;
			children = (
				FE464903C5EE2FC20231C37E /* Pods_BuildTinderApp.framework */,
				6ABDA541F8BBD97B7409930D /* Pods_BuildTinderApp_BuildTinderAppUITests.framework */,
				C700B6E8CB8A54C3806DE075 /* Pods_BuildTinderAppTests.framework */,
			);
			name = Frameworks;
			sourceTree = "<group>";
		};
		6D8751CFB2FF8F811ED2DD57 /* Pods */ = {
			isa = PBXGroup;
			children = (
				A1E034D1BFCD3B4BB36A45A3 /* Pods-BuildTinderApp.debug.xcconfig */,
				89905BA5D8F7ED3C22E2CA7F /* Pods-BuildTinderApp.release.xcconfig */,
				6E889E15436E06875C00D6AD /* Pods-BuildTinderApp-BuildTinderAppUITests.debug.xcconfig */,
				5F196B898F02A3A739D6F52F /* Pods-BuildTinderApp-BuildTinderAppUITests.release.xcconfig */,
				6DC9E16F1051A678F1AA1091 /* Pods-BuildTinderAppTests.debug.xcconfig */,
				F0C7EC3C93A94BA26E4D4905 /* Pods-BuildTinderAppTests.release.xcconfig */,
			);
			path = Pods;
			sourceTree = "<group>";
		};
		FD32E1DA2A6791B200F85FCE = {
			isa = PBXGroup;
			children = (
				FD32E1E52A6791B200F85FCE /* BuildTinderApp */,
				FD32E1F62A6791B500F85FCE /* BuildTinderAppTests */,
				FD32E2002A6791B500F85FCE /* BuildTinderAppUITests */,
				FD32E1E42A6791B200F85FCE /* Products */,
				6D8751CFB2FF8F811ED2DD57 /* Pods */,
				2444240F6392906ED7276A27 /* Frameworks */,
			);
			sourceTree = "<group>";
		};
		FD32E1E42A6791B200F85FCE /* Products */ = {
			isa = PBXGroup;
			children = (
				FD32E1E32A6791B200F85FCE /* BuildTinderApp.app */,
				FD32E1F32A6791B500F85FCE /* BuildTinderAppTests.xctest */,
				FD32E1FD2A6791B500F85FCE /* BuildTinderAppUITests.xctest */,
			);
			name = Products;
			sourceTree = "<group>";
		};
		FD32E1E52A6791B200F85FCE /* BuildTinderApp */ = {
			isa = PBXGroup;
			children = (
				FD32E21D2A68542D00F85FCE /* Ultilities */,
				FD32E2122A6795AE00F85FCE /* ViewModel */,
				FD32E2112A6795AB00F85FCE /* Model */,
				FD32E2102A67959600F85FCE /* View */,
				FD32E1E62A6791B200F85FCE /* BuildTinderAppApp.swift */,
				FD32E1EA2A6791B500F85FCE /* Assets.xcassets */,
				FD32E1EC2A6791B500F85FCE /* Preview Content */,
			);
			path = BuildTinderApp;
			sourceTree = "<group>";
		};
		FD32E1EC2A6791B500F85FCE /* Preview Content */ = {
			isa = PBXGroup;
			children = (
				FD32E1ED2A6791B500F85FCE /* Preview Assets.xcassets */,
			);
			path = "Preview Content";
			sourceTree = "<group>";
		};
		FD32E1F62A6791B500F85FCE /* BuildTinderAppTests */ = {
			isa = PBXGroup;
			children = (
				FD32E1F72A6791B500F85FCE /* BuildTinderAppTests.swift */,
			);
			path = BuildTinderAppTests;
			sourceTree = "<group>";
		};
		FD32E2002A6791B500F85FCE /* BuildTinderAppUITests */ = {
			isa = PBXGroup;
			children = (
				FD32E2012A6791B500F85FCE /* BuildTinderAppUITests.swift */,
				FD32E2032A6791B500F85FCE /* BuildTinderAppUITestsLaunchTests.swift */,
			);
			path = BuildTinderAppUITests;
			sourceTree = "<group>";
		};
		FD32E2102A67959600F85FCE /* View */ = {
			isa = PBXGroup;
			children = (
				FD9E86A82A6AD6E000F8656E /* Message */,
				FD32E2292A687B2900F85FCE /* HelperView */,
				FD32E2262A68764700F85FCE /* ProfileView */,
				FD32E1E82A6791B200F85FCE /* ContentView.swift */,
				FD32E2132A6795BC00F85FCE /* MainView.swift */,
				FD32E2152A67AF5900F85FCE /* TabBarButtonView.swift */,
				FD32E2202A685AD400F85FCE /* MainViewDemo.swift */,
				FD32E2222A686B5C00F85FCE /* MainViewDemo3.swift */,
			);
			path = View;
			sourceTree = "<group>";
		};
		FD32E2112A6795AB00F85FCE /* Model */ = {
			isa = PBXGroup;
			children = (
				FD9E86A22A69D40F00F8656E /* MessageModel.swift */,
				FD9E86A42A69D5FF00F8656E /* UserModel.swift */,
			);
			path = Model;
			sourceTree = "<group>";
		};
		FD32E2122A6795AE00F85FCE /* ViewModel */ = {
			isa = PBXGroup;
			children = (
				FD32E21B2A684E4800F85FCE /* AppStateMananger.swift */,
			);
			path = ViewModel;
			sourceTree = "<group>";
		};
		FD32E21D2A68542D00F85FCE /* Ultilities */ = {
			isa = PBXGroup;
			children = (
				FD32E21E2A68544500F85FCE /* CustomEnums.swift */,
				FD009FEF2A689D94008F234E /* Extension.swift */,
			);
			path = Ultilities;
			sourceTree = "<group>";
		};
		FD32E2262A68764700F85FCE /* ProfileView */ = {
			isa = PBXGroup;
			children = (
				FD32E2242A6871C000F85FCE /* ProfileView.swift */,
				FD009FF12A699121008F234E /* ProfileSwipePromo1.swift */,
				FD9E86A02A69B4E900F8656E /* ProfileSwipePromo.swift */,
			);
			path = ProfileView;
			sourceTree = "<group>";
		};
		FD32E2292A687B2900F85FCE /* HelperView */ = {
			isa = PBXGroup;
			children = (
				FD32E2272A68765D00F85FCE /* RoundedImage.swift */,
			);
			path = HelperView;
			sourceTree = "<group>";
		};
		FD9E86A82A6AD6E000F8656E /* Message */ = {
			isa = PBXGroup;
			children = (
				FD9E86A62A6AD52200F8656E /* MessageView.swift */,
			);
			path = Message;
			sourceTree = "<group>";
		};
/* End PBXGroup section */

/* Begin PBXNativeTarget section */
		FD32E1E22A6791B200F85FCE /* BuildTinderApp */ = {
			isa = PBXNativeTarget;
			buildConfigurationList = FD32E2072A6791B500F85FCE /* Build configuration list for PBXNativeTarget "BuildTinderApp" */;
			buildPhases = (
				889A15EF1439BD5C84E7A452 /* [CP] Check Pods Manifest.lock */,
				FD32E1DF2A6791B200F85FCE /* Sources */,
				FD32E1E02A6791B200F85FCE /* Frameworks */,
				FD32E1E12A6791B200F85FCE /* Resources */,
			);
			buildRules = (
			);
			dependencies = (
			);
			name = BuildTinderApp;
			productName = BuildTinderApp;
			productReference = FD32E1E32A6791B200F85FCE /* BuildTinderApp.app */;
			productType = "com.apple.product-type.application";
		};
		FD32E1F22A6791B500F85FCE /* BuildTinderAppTests */ = {
			isa = PBXNativeTarget;
			buildConfigurationList = FD32E20A2A6791B500F85FCE /* Build configuration list for PBXNativeTarget "BuildTinderAppTests" */;
			buildPhases = (
				E6DE9B10D32F52D10041EA31 /* [CP] Check Pods Manifest.lock */,
				FD32E1EF2A6791B500F85FCE /* Sources */,
				FD32E1F02A6791B500F85FCE /* Frameworks */,
				FD32E1F12A6791B500F85FCE /* Resources */,
			);
			buildRules = (
			);
			dependencies = (
				FD32E1F52A6791B500F85FCE /* PBXTargetDependency */,
			);
			name = BuildTinderAppTests;
			productName = BuildTinderAppTests;
			productReference = FD32E1F32A6791B500F85FCE /* BuildTinderAppTests.xctest */;
			productType = "com.apple.product-type.bundle.unit-test";
		};
		FD32E1FC2A6791B500F85FCE /* BuildTinderAppUITests */ = {
			isa = PBXNativeTarget;
			buildConfigurationList = FD32E20D2A6791B500F85FCE /* Build configuration list for PBXNativeTarget "BuildTinderAppUITests" */;
			buildPhases = (
				9415582E6F40418B99C6AC00 /* [CP] Check Pods Manifest.lock */,
				FD32E1F92A6791B500F85FCE /* Sources */,
				FD32E1FA2A6791B500F85FCE /* Frameworks */,
				FD32E1FB2A6791B500F85FCE /* Resources */,
			);
			buildRules = (
			);
			dependencies = (
				FD32E1FF2A6791B500F85FCE /* PBXTargetDependency */,
			);
			name = BuildTinderAppUITests;
			productName = BuildTinderAppUITests;
			productReference = FD32E1FD2A6791B500F85FCE /* BuildTinderAppUITests.xctest */;
			productType = "com.apple.product-type.bundle.ui-testing";
		};
/* End PBXNativeTarget section */

/* Begin PBXProject section */
		FD32E1DB2A6791B200F85FCE /* Project object */ = {
			isa = PBXProject;
			attributes = {
				BuildIndependentTargetsInParallel = 1;
				LastSwiftUpdateCheck = 1430;
				LastUpgradeCheck = 1430;
				TargetAttributes = {
					FD32E1E22A6791B200F85FCE = {
						CreatedOnToolsVersion = 14.3.1;
					};
					FD32E1F22A6791B500F85FCE = {
						CreatedOnToolsVersion = 14.3.1;
						TestTargetID = FD32E1E22A6791B200F85FCE;
					};
					FD32E1FC2A6791B500F85FCE = {
						CreatedOnToolsVersion = 14.3.1;
						TestTargetID = FD32E1E22A6791B200F85FCE;
					};
				};
			};
			buildConfigurationList = FD32E1DE2A6791B200F85FCE /* Build configuration list for PBXProject "BuildTinderApp" */;
			compatibilityVersion = "Xcode 14.0";
			developmentRegion = en;
			hasScannedForEncodings = 0;
			knownRegions = (
				en,
				Base,
			);
			mainGroup = FD32E1DA2A6791B200F85FCE;
			productRefGroup = FD32E1E42A6791B200F85FCE /* Products */;
			projectDirPath = "";
			projectRoot = "";
			targets = (
				FD32E1E22A6791B200F85FCE /* BuildTinderApp */,
				FD32E1F22A6791B500F85FCE /* BuildTinderAppTests */,
				FD32E1FC2A6791B500F85FCE /* BuildTinderAppUITests */,
			);
		};
/* End PBXProject section */

/* Begin PBXResourcesBuildPhase section */
		FD32E1E12A6791B200F85FCE /* Resources */ = {
			isa = PBXResourcesBuildPhase;
			buildActionMask = 2147483647;
			files = (
				FD32E1EE2A6791B500F85FCE /* Preview Assets.xcassets in Resources */,
				FD32E1EB2A6791B500F85FCE /* Assets.xcassets in Resources */,
			);
			runOnlyForDeploymentPostprocessing = 0;
		};
		FD32E1F12A6791B500F85FCE /* Resources */ = {
			isa = PBXResourcesBuildPhase;
			buildActionMask = 2147483647;
			files = (
			);
			runOnlyForDeploymentPostprocessing = 0;
		};
		FD32E1FB2A6791B500F85FCE /* Resources */ = {
			isa = PBXResourcesBuildPhase;
			buildActionMask = 2147483647;
			files = (
			);
			runOnlyForDeploymentPostprocessing = 0;
		};
/* End PBXResourcesBuildPhase section */

/* Begin PBXShellScriptBuildPhase section */
		889A15EF1439BD5C84E7A452 /* [CP] Check Pods Manifest.lock */ = {
			isa = PBXShellScriptBuildPhase;
			buildActionMask = 2147483647;
			files = (
			);
			inputFileListPaths = (
			);
			inputPaths = (
				"${PODS_PODFILE_DIR_PATH}/Podfile.lock",
				"${PODS_ROOT}/Manifest.lock",
			);
			name = "[CP] Check Pods Manifest.lock";
			outputFileListPaths = (
			);
			outputPaths = (
				"$(DERIVED_FILE_DIR)/Pods-BuildTinderApp-checkManifestLockResult.txt",
			);
			runOnlyForDeploymentPostprocessing = 0;
			shellPath = /bin/sh;
			shellScript = "diff \"${PODS_PODFILE_DIR_PATH}/Podfile.lock\" \"${PODS_ROOT}/Manifest.lock\" > /dev/null\nif [ $? != 0 ] ; then\n    # print error to STDERR\n    echo \"error: The sandbox is not in sync with the Podfile.lock. Run 'pod install' or update your CocoaPods installation.\" >&2\n    exit 1\nfi\n# This output is used by Xcode 'outputs' to avoid re-running this script phase.\necho \"SUCCESS\" > \"${SCRIPT_OUTPUT_FILE_0}\"\n";
			showEnvVarsInLog = 0;
		};
		9415582E6F40418B99C6AC00 /* [CP] Check Pods Manifest.lock */ = {
			isa = PBXShellScriptBuildPhase;
			buildActionMask = 2147483647;
			files = (
			);
			inputFileListPaths = (
			);
			inputPaths = (
				"${PODS_PODFILE_DIR_PATH}/Podfile.lock",
				"${PODS_ROOT}/Manifest.lock",
			);
			name = "[CP] Check Pods Manifest.lock";
			outputFileListPaths = (
			);
			outputPaths = (
				"$(DERIVED_FILE_DIR)/Pods-BuildTinderApp-BuildTinderAppUITests-checkManifestLockResult.txt",
			);
			runOnlyForDeploymentPostprocessing = 0;
			shellPath = /bin/sh;
			shellScript = "diff \"${PODS_PODFILE_DIR_PATH}/Podfile.lock\" \"${PODS_ROOT}/Manifest.lock\" > /dev/null\nif [ $? != 0 ] ; then\n    # print error to STDERR\n    echo \"error: The sandbox is not in sync with the Podfile.lock. Run 'pod install' or update your CocoaPods installation.\" >&2\n    exit 1\nfi\n# This output is used by Xcode 'outputs' to avoid re-running this script phase.\necho \"SUCCESS\" > \"${SCRIPT_OUTPUT_FILE_0}\"\n";
			showEnvVarsInLog = 0;
		};
		E6DE9B10D32F52D10041EA31 /* [CP] Check Pods Manifest.lock */ = {
			isa = PBXShellScriptBuildPhase;
			buildActionMask = 2147483647;
			files = (
			);
			inputFileListPaths = (
			);
			inputPaths = (
				"${PODS_PODFILE_DIR_PATH}/Podfile.lock",
				"${PODS_ROOT}/Manifest.lock",
			);
			name = "[CP] Check Pods Manifest.lock";
			outputFileListPaths = (
			);
			outputPaths = (
				"$(DERIVED_FILE_DIR)/Pods-BuildTinderAppTests-checkManifestLockResult.txt",
			);
			runOnlyForDeploymentPostprocessing = 0;
			shellPath = /bin/sh;
			shellScript = "diff \"${PODS_PODFILE_DIR_PATH}/Podfile.lock\" \"${PODS_ROOT}/Manifest.lock\" > /dev/null\nif [ $? != 0 ] ; then\n    # print error to STDERR\n    echo \"error: The sandbox is not in sync with the Podfile.lock. Run 'pod install' or update your CocoaPods installation.\" >&2\n    exit 1\nfi\n# This output is used by Xcode 'outputs' to avoid re-running this script phase.\necho \"SUCCESS\" > \"${SCRIPT_OUTPUT_FILE_0}\"\n";
			showEnvVarsInLog = 0;
		};
/* End PBXShellScriptBuildPhase section */

/* Begin PBXSourcesBuildPhase section */
		FD32E1DF2A6791B200F85FCE /* Sources */ = {
			isa = PBXSourcesBuildPhase;
			buildActionMask = 2147483647;
			files = (
				FD32E2162A67AF5900F85FCE /* TabBarButtonView.swift in Sources */,
				FD32E2252A6871C000F85FCE /* ProfileView.swift in Sources */,
				FD32E21F2A68544500F85FCE /* CustomEnums.swift in Sources */,
				FD32E1E92A6791B200F85FCE /* ContentView.swift in Sources */,
				FD009FF22A699121008F234E /* ProfileSwipePromo1.swift in Sources */,
				FD009FF02A689D94008F234E /* Extension.swift in Sources */,
				FD32E21C2A684E4800F85FCE /* AppStateMananger.swift in Sources */,
				FD32E2142A6795BC00F85FCE /* MainView.swift in Sources */,
				FD32E1E72A6791B200F85FCE /* BuildTinderAppApp.swift in Sources */,
				FD9E86A32A69D40F00F8656E /* MessageModel.swift in Sources */,
				FD9E86A12A69B4E900F8656E /* ProfileSwipePromo.swift in Sources */,
				FD32E2282A68765D00F85FCE /* RoundedImage.swift in Sources */,
				FD9E86A72A6AD52200F8656E /* MessageView.swift in Sources */,
				FD32E2232A686B5C00F85FCE /* MainViewDemo3.swift in Sources */,
				FD9E86A52A69D5FF00F8656E /* UserModel.swift in Sources */,
				FD32E2212A685AD400F85FCE /* MainViewDemo.swift in Sources */,
			);
			runOnlyForDeploymentPostprocessing = 0;
		};
		FD32E1EF2A6791B500F85FCE /* Sources */ = {
			isa = PBXSourcesBuildPhase;
			buildActionMask = 2147483647;
			files = (
				FD32E1F82A6791B500F85FCE /* BuildTinderAppTests.swift in Sources */,
			);
			runOnlyForDeploymentPostprocessing = 0;
		};
		FD32E1F92A6791B500F85FCE /* Sources */ = {
			isa = PBXSourcesBuildPhase;
			buildActionMask = 2147483647;
			files = (
				FD32E2022A6791B500F85FCE /* BuildTinderAppUITests.swift in Sources */,
				FD32E2042A6791B500F85FCE /* BuildTinderAppUITestsLaunchTests.swift in Sources */,
			);
			runOnlyForDeploymentPostprocessing = 0;
		};
/* End PBXSourcesBuildPhase section */

/* Begin PBXTargetDependency section */
		FD32E1F52A6791B500F85FCE /* PBXTargetDependency */ = {
			isa = PBXTargetDependency;
			target = FD32E1E22A6791B200F85FCE /* BuildTinderApp */;
			targetProxy = FD32E1F42A6791B500F85FCE /* PBXContainerItemProxy */;
		};
		FD32E1FF2A6791B500F85FCE /* PBXTargetDependency */ = {
			isa = PBXTargetDependency;
			target = FD32E1E22A6791B200F85FCE /* BuildTinderApp */;
			targetProxy = FD32E1FE2A6791B500F85FCE /* PBXContainerItemProxy */;
		};
/* End PBXTargetDependency section */

/* Begin XCBuildConfiguration section */
		FD32E2052A6791B500F85FCE /* Debug */ = {
			isa = XCBuildConfiguration;
			buildSettings = {
				ALWAYS_SEARCH_USER_PATHS = NO;
				CLANG_ANALYZER_NONNULL = YES;
				CLANG_ANALYZER_NUMBER_OBJECT_CONVERSION = YES_AGGRESSIVE;
				CLANG_CXX_LANGUAGE_STANDARD = "gnu++20";
				CLANG_ENABLE_MODULES = YES;
				CLANG_ENABLE_OBJC_ARC = YES;
				CLANG_ENABLE_OBJC_WEAK = YES;
				CLANG_WARN_BLOCK_CAPTURE_AUTORELEASING = YES;
				CLANG_WARN_BOOL_CONVERSION = YES;
				CLANG_WARN_COMMA = YES;
				CLANG_WARN_CONSTANT_CONVERSION = YES;
				CLANG_WARN_DEPRECATED_OBJC_IMPLEMENTATIONS = YES;
				CLANG_WARN_DIRECT_OBJC_ISA_USAGE = YES_ERROR;
				CLANG_WARN_DOCUMENTATION_COMMENTS = YES;
				CLANG_WARN_EMPTY_BODY = YES;
				CLANG_WARN_ENUM_CONVERSION = YES;
				CLANG_WARN_INFINITE_RECURSION = YES;
				CLANG_WARN_INT_CONVERSION = YES;
				CLANG_WARN_NON_LITERAL_NULL_CONVERSION = YES;
				CLANG_WARN_OBJC_IMPLICIT_RETAIN_SELF = YES;
				CLANG_WARN_OBJC_LITERAL_CONVERSION = YES;
				CLANG_WARN_OBJC_ROOT_CLASS = YES_ERROR;
				CLANG_WARN_QUOTED_INCLUDE_IN_FRAMEWORK_HEADER = YES;
				CLANG_WARN_RANGE_LOOP_ANALYSIS = YES;
				CLANG_WARN_STRICT_PROTOTYPES = YES;
				CLANG_WARN_SUSPICIOUS_MOVE = YES;
				CLANG_WARN_UNGUARDED_AVAILABILITY = YES_AGGRESSIVE;
				CLANG_WARN_UNREACHABLE_CODE = YES;
				CLANG_WARN__DUPLICATE_METHOD_MATCH = YES;
				COPY_PHASE_STRIP = NO;
				DEBUG_INFORMATION_FORMAT = dwarf;
				ENABLE_STRICT_OBJC_MSGSEND = YES;
				ENABLE_TESTABILITY = YES;
				GCC_C_LANGUAGE_STANDARD = gnu11;
				GCC_DYNAMIC_NO_PIC = NO;
				GCC_NO_COMMON_BLOCKS = YES;
				GCC_OPTIMIZATION_LEVEL = 0;
				GCC_PREPROCESSOR_DEFINITIONS = (
					"DEBUG=1",
					"$(inherited)",
				);
				GCC_WARN_64_TO_32_BIT_CONVERSION = YES;
				GCC_WARN_ABOUT_RETURN_TYPE = YES_ERROR;
				GCC_WARN_UNDECLARED_SELECTOR = YES;
				GCC_WARN_UNINITIALIZED_AUTOS = YES_AGGRESSIVE;
				GCC_WARN_UNUSED_FUNCTION = YES;
				GCC_WARN_UNUSED_VARIABLE = YES;
				IPHONEOS_DEPLOYMENT_TARGET = 16.4;
				MTL_ENABLE_DEBUG_INFO = INCLUDE_SOURCE;
				MTL_FAST_MATH = YES;
				ONLY_ACTIVE_ARCH = YES;
				SDKROOT = iphoneos;
				SWIFT_ACTIVE_COMPILATION_CONDITIONS = DEBUG;
				SWIFT_OPTIMIZATION_LEVEL = "-Onone";
			};
			name = Debug;
		};
		FD32E2062A6791B500F85FCE /* Release */ = {
			isa = XCBuildConfiguration;
			buildSettings = {
				ALWAYS_SEARCH_USER_PATHS = NO;
				CLANG_ANALYZER_NONNULL = YES;
				CLANG_ANALYZER_NUMBER_OBJECT_CONVERSION = YES_AGGRESSIVE;
				CLANG_CXX_LANGUAGE_STANDARD = "gnu++20";
				CLANG_ENABLE_MODULES = YES;
				CLANG_ENABLE_OBJC_ARC = YES;
				CLANG_ENABLE_OBJC_WEAK = YES;
				CLANG_WARN_BLOCK_CAPTURE_AUTORELEASING = YES;
				CLANG_WARN_BOOL_CONVERSION = YES;
				CLANG_WARN_COMMA = YES;
				CLANG_WARN_CONSTANT_CONVERSION = YES;
				CLANG_WARN_DEPRECATED_OBJC_IMPLEMENTATIONS = YES;
				CLANG_WARN_DIRECT_OBJC_ISA_USAGE = YES_ERROR;
				CLANG_WARN_DOCUMENTATION_COMMENTS = YES;
				CLANG_WARN_EMPTY_BODY = YES;
				CLANG_WARN_ENUM_CONVERSION = YES;
				CLANG_WARN_INFINITE_RECURSION = YES;
				CLANG_WARN_INT_CONVERSION = YES;
				CLANG_WARN_NON_LITERAL_NULL_CONVERSION = YES;
				CLANG_WARN_OBJC_IMPLICIT_RETAIN_SELF = YES;
				CLANG_WARN_OBJC_LITERAL_CONVERSION = YES;
				CLANG_WARN_OBJC_ROOT_CLASS = YES_ERROR;
				CLANG_WARN_QUOTED_INCLUDE_IN_FRAMEWORK_HEADER = YES;
				CLANG_WARN_RANGE_LOOP_ANALYSIS = YES;
				CLANG_WARN_STRICT_PROTOTYPES = YES;
				CLANG_WARN_SUSPICIOUS_MOVE = YES;
				CLANG_WARN_UNGUARDED_AVAILABILITY = YES_AGGRESSIVE;
				CLANG_WARN_UNREACHABLE_CODE = YES;
				CLANG_WARN__DUPLICATE_METHOD_MATCH = YES;
				COPY_PHASE_STRIP = NO;
				DEBUG_INFORMATION_FORMAT = "dwarf-with-dsym";
				ENABLE_NS_ASSERTIONS = NO;
				ENABLE_STRICT_OBJC_MSGSEND = YES;
				GCC_C_LANGUAGE_STANDARD = gnu11;
				GCC_NO_COMMON_BLOCKS = YES;
				GCC_WARN_64_TO_32_BIT_CONVERSION = YES;
				GCC_WARN_ABOUT_RETURN_TYPE = YES_ERROR;
				GCC_WARN_UNDECLARED_SELECTOR = YES;
				GCC_WARN_UNINITIALIZED_AUTOS = YES_AGGRESSIVE;
				GCC_WARN_UNUSED_FUNCTION = YES;
				GCC_WARN_UNUSED_VARIABLE = YES;
				IPHONEOS_DEPLOYMENT_TARGET = 16.4;
				MTL_ENABLE_DEBUG_INFO = NO;
				MTL_FAST_MATH = YES;
				SDKROOT = iphoneos;
				SWIFT_COMPILATION_MODE = wholemodule;
				SWIFT_OPTIMIZATION_LEVEL = "-O";
				VALIDATE_PRODUCT = YES;
			};
			name = Release;
		};
		FD32E2082A6791B500F85FCE /* Debug */ = {
			isa = XCBuildConfiguration;
			baseConfigurationReference = A1E034D1BFCD3B4BB36A45A3 /* Pods-BuildTinderApp.debug.xcconfig */;
			buildSettings = {
				ASSETCATALOG_COMPILER_APPICON_NAME = AppIcon;
				ASSETCATALOG_COMPILER_GLOBAL_ACCENT_COLOR_NAME = AccentColor;
				CODE_SIGN_STYLE = Automatic;
				CURRENT_PROJECT_VERSION = 1;
				DEVELOPMENT_ASSET_PATHS = "\"BuildTinderApp/Preview Content\"";
				DEVELOPMENT_TEAM = 8F2485T5AY;
				ENABLE_PREVIEWS = YES;
				GENERATE_INFOPLIST_FILE = YES;
				INFOPLIST_KEY_UIApplicationSceneManifest_Generation = YES;
				INFOPLIST_KEY_UIApplicationSupportsIndirectInputEvents = YES;
				INFOPLIST_KEY_UILaunchScreen_Generation = YES;
				INFOPLIST_KEY_UISupportedInterfaceOrientations_iPad = "UIInterfaceOrientationPortrait UIInterfaceOrientationPortraitUpsideDown UIInterfaceOrientationLandscapeLeft UIInterfaceOrientationLandscapeRight";
				INFOPLIST_KEY_UISupportedInterfaceOrientations_iPhone = "UIInterfaceOrientationPortrait UIInterfaceOrientationLandscapeLeft UIInterfaceOrientationLandscapeRight";
				LD_RUNPATH_SEARCH_PATHS = (
					"$(inherited)",
					"@executable_path/Frameworks",
				);
				MARKETING_VERSION = 1.0;
				PRODUCT_BUNDLE_IDENTIFIER = code.with.hanh.BuildTinderApp;
				PRODUCT_NAME = "$(TARGET_NAME)";
				SWIFT_EMIT_LOC_STRINGS = YES;
				SWIFT_VERSION = 5.0;
				TARGETED_DEVICE_FAMILY = "1,2";
			};
			name = Debug;
		};
		FD32E2092A6791B500F85FCE /* Release */ = {
			isa = XCBuildConfiguration;
			baseConfigurationReference = 89905BA5D8F7ED3C22E2CA7F /* Pods-BuildTinderApp.release.xcconfig */;
			buildSettings = {
				ASSETCATALOG_COMPILER_APPICON_NAME = AppIcon;
				ASSETCATALOG_COMPILER_GLOBAL_ACCENT_COLOR_NAME = AccentColor;
				CODE_SIGN_STYLE = Automatic;
				CURRENT_PROJECT_VERSION = 1;
				DEVELOPMENT_ASSET_PATHS = "\"BuildTinderApp/Preview Content\"";
				DEVELOPMENT_TEAM = 8F2485T5AY;
				ENABLE_PREVIEWS = YES;
				GENERATE_INFOPLIST_FILE = YES;
				INFOPLIST_KEY_UIApplicationSceneManifest_Generation = YES;
				INFOPLIST_KEY_UIApplicationSupportsIndirectInputEvents = YES;
				INFOPLIST_KEY_UILaunchScreen_Generation = YES;
				INFOPLIST_KEY_UISupportedInterfaceOrientations_iPad = "UIInterfaceOrientationPortrait UIInterfaceOrientationPortraitUpsideDown UIInterfaceOrientationLandscapeLeft UIInterfaceOrientationLandscapeRight";
				INFOPLIST_KEY_UISupportedInterfaceOrientations_iPhone = "UIInterfaceOrientationPortrait UIInterfaceOrientationLandscapeLeft UIInterfaceOrientationLandscapeRight";
				LD_RUNPATH_SEARCH_PATHS = (
					"$(inherited)",
					"@executable_path/Frameworks",
				);
				MARKETING_VERSION = 1.0;
				PRODUCT_BUNDLE_IDENTIFIER = code.with.hanh.BuildTinderApp;
				PRODUCT_NAME = "$(TARGET_NAME)";
				SWIFT_EMIT_LOC_STRINGS = YES;
				SWIFT_VERSION = 5.0;
				TARGETED_DEVICE_FAMILY = "1,2";
			};
			name = Release;
		};
		FD32E20B2A6791B500F85FCE /* Debug */ = {
			isa = XCBuildConfiguration;
			baseConfigurationReference = 6DC9E16F1051A678F1AA1091 /* Pods-BuildTinderAppTests.debug.xcconfig */;
			buildSettings = {
				ALWAYS_EMBED_SWIFT_STANDARD_LIBRARIES = YES;
				BUNDLE_LOADER = "$(TEST_HOST)";
				CODE_SIGN_STYLE = Automatic;
				CURRENT_PROJECT_VERSION = 1;
				DEVELOPMENT_TEAM = 8F2485T5AY;
				GENERATE_INFOPLIST_FILE = YES;
				IPHONEOS_DEPLOYMENT_TARGET = 16.4;
				MARKETING_VERSION = 1.0;
				PRODUCT_BUNDLE_IDENTIFIER = code.with.hanh.BuildTinderAppTests;
				PRODUCT_NAME = "$(TARGET_NAME)";
				SWIFT_EMIT_LOC_STRINGS = NO;
				SWIFT_VERSION = 5.0;
				TARGETED_DEVICE_FAMILY = "1,2";
				TEST_HOST = "$(BUILT_PRODUCTS_DIR)/BuildTinderApp.app/$(BUNDLE_EXECUTABLE_FOLDER_PATH)/BuildTinderApp";
			};
			name = Debug;
		};
		FD32E20C2A6791B500F85FCE /* Release */ = {
			isa = XCBuildConfiguration;
			baseConfigurationReference = F0C7EC3C93A94BA26E4D4905 /* Pods-BuildTinderAppTests.release.xcconfig */;
			buildSettings = {
				ALWAYS_EMBED_SWIFT_STANDARD_LIBRARIES = YES;
				BUNDLE_LOADER = "$(TEST_HOST)";
				CODE_SIGN_STYLE = Automatic;
				CURRENT_PROJECT_VERSION = 1;
				DEVELOPMENT_TEAM = 8F2485T5AY;
				GENERATE_INFOPLIST_FILE = YES;
				IPHONEOS_DEPLOYMENT_TARGET = 16.4;
				MARKETING_VERSION = 1.0;
				PRODUCT_BUNDLE_IDENTIFIER = code.with.hanh.BuildTinderAppTests;
				PRODUCT_NAME = "$(TARGET_NAME)";
				SWIFT_EMIT_LOC_STRINGS = NO;
				SWIFT_VERSION = 5.0;
				TARGETED_DEVICE_FAMILY = "1,2";
				TEST_HOST = "$(BUILT_PRODUCTS_DIR)/BuildTinderApp.app/$(BUNDLE_EXECUTABLE_FOLDER_PATH)/BuildTinderApp";
			};
			name = Release;
		};
		FD32E20E2A6791B500F85FCE /* Debug */ = {
			isa = XCBuildConfiguration;
			baseConfigurationReference = 6E889E15436E06875C00D6AD /* Pods-BuildTinderApp-BuildTinderAppUITests.debug.xcconfig */;
			buildSettings = {
				ALWAYS_EMBED_SWIFT_STANDARD_LIBRARIES = YES;
				CODE_SIGN_STYLE = Automatic;
				CURRENT_PROJECT_VERSION = 1;
				DEVELOPMENT_TEAM = 8F2485T5AY;
				GENERATE_INFOPLIST_FILE = YES;
				MARKETING_VERSION = 1.0;
				PRODUCT_BUNDLE_IDENTIFIER = code.with.hanh.BuildTinderAppUITests;
				PRODUCT_NAME = "$(TARGET_NAME)";
				SWIFT_EMIT_LOC_STRINGS = NO;
				SWIFT_VERSION = 5.0;
				TARGETED_DEVICE_FAMILY = "1,2";
				TEST_TARGET_NAME = BuildTinderApp;
			};
			name = Debug;
		};
		FD32E20F2A6791B500F85FCE /* Release */ = {
			isa = XCBuildConfiguration;
			baseConfigurationReference = 5F196B898F02A3A739D6F52F /* Pods-BuildTinderApp-BuildTinderAppUITests.release.xcconfig */;
			buildSettings = {
				ALWAYS_EMBED_SWIFT_STANDARD_LIBRARIES = YES;
				CODE_SIGN_STYLE = Automatic;
				CURRENT_PROJECT_VERSION = 1;
				DEVELOPMENT_TEAM = 8F2485T5AY;
				GENERATE_INFOPLIST_FILE = YES;
				MARKETING_VERSION = 1.0;
				PRODUCT_BUNDLE_IDENTIFIER = code.with.hanh.BuildTinderAppUITests;
				PRODUCT_NAME = "$(TARGET_NAME)";
				SWIFT_EMIT_LOC_STRINGS = NO;
				SWIFT_VERSION = 5.0;
				TARGETED_DEVICE_FAMILY = "1,2";
				TEST_TARGET_NAME = BuildTinderApp;
			};
			name = Release;
		};
/* End XCBuildConfiguration section */

/* Begin XCConfigurationList section */
		FD32E1DE2A6791B200F85FCE /* Build configuration list for PBXProject "BuildTinderApp" */ = {
			isa = XCConfigurationList;
			buildConfigurations = (
				FD32E2052A6791B500F85FCE /* Debug */,
				FD32E2062A6791B500F85FCE /* Release */,
			);
			defaultConfigurationIsVisible = 0;
			defaultConfigurationName = Release;
		};
		FD32E2072A6791B500F85FCE /* Build configuration list for PBXNativeTarget "BuildTinderApp" */ = {
			isa = XCConfigurationList;
			buildConfigurations = (
				FD32E2082A6791B500F85FCE /* Debug */,
				FD32E2092A6791B500F85FCE /* Release */,
			);
			defaultConfigurationIsVisible = 0;
			defaultConfigurationName = Release;
		};
		FD32E20A2A6791B500F85FCE /* Build configuration list for PBXNativeTarget "BuildTinderAppTests" */ = {
			isa = XCConfigurationList;
			buildConfigurations = (
				FD32E20B2A6791B500F85FCE /* Debug */,
				FD32E20C2A6791B500F85FCE /* Release */,
			);
			defaultConfigurationIsVisible = 0;
			defaultConfigurationName = Release;
		};
		FD32E20D2A6791B500F85FCE /* Build configuration list for PBXNativeTarget "BuildTinderAppUITests" */ = {
			isa = XCConfigurationList;
			buildConfigurations = (
				FD32E20E2A6791B500F85FCE /* Debug */,
				FD32E20F2A6791B500F85FCE /* Release */,
			);
			defaultConfigurationIsVisible = 0;
			defaultConfigurationName = Release;
		};
/* End XCConfigurationList section */
	};
	rootObject = FD32E1DB2A6791B200F85FCE /* Project object */;
}
